// !$*UTF8*$!
{
	archiveVersion = 1;
	classes = {
	};
	objectVersion = 50;
	objects = {

/* Begin PBXBuildFile section */
		040ABC902097934B00F07B6A /* GoogleService-Info.plist in Resources */ = {isa = PBXBuildFile; fileRef = 040ABC8F2097934B00F07B6A /* GoogleService-Info.plist */; };
		040ABC912097934B00F07B6A /* GoogleService-Info.plist in Resources */ = {isa = PBXBuildFile; fileRef = 040ABC8F2097934B00F07B6A /* GoogleService-Info.plist */; };
		040ABC922097934B00F07B6A /* GoogleService-Info.plist in Resources */ = {isa = PBXBuildFile; fileRef = 040ABC8F2097934B00F07B6A /* GoogleService-Info.plist */; };
		04360C2D2177DA5100AE8C5C /* Ticket.swift in Sources */ = {isa = PBXBuildFile; fileRef = 04360C2C2177DA5100AE8C5C /* Ticket.swift */; };
		04360C2F217E364500AE8C5C /* PassKit.framework in Frameworks */ = {isa = PBXBuildFile; fileRef = 04360C2E217E364500AE8C5C /* PassKit.framework */; };
		04480B64217E391600975ED6 /* TicketSummaryViewController.swift in Sources */ = {isa = PBXBuildFile; fileRef = 04480B63217E391600975ED6 /* TicketSummaryViewController.swift */; };
		045D5ADA21AFF5C5001BA669 /* MVC.swift in Sources */ = {isa = PBXBuildFile; fileRef = 045D5AD921AFF5C5001BA669 /* MVC.swift */; };
		046F38B92180C7880026EA16 /* Admin.storyboard in Resources */ = {isa = PBXBuildFile; fileRef = 046F38B82180C7880026EA16 /* Admin.storyboard */; };
		046F38BE2180C83E0026EA16 /* InitialAdminViewController.swift in Sources */ = {isa = PBXBuildFile; fileRef = 046F38BD2180C83E0026EA16 /* InitialAdminViewController.swift */; };
		04819CEF21B55EBB001E6471 /* TheatreMapViewController.swift in Sources */ = {isa = PBXBuildFile; fileRef = 04819CEE21B55EBB001E6471 /* TheatreMapViewController.swift */; };
		04819CF121B58592001E6471 /* MapKit.framework in Frameworks */ = {isa = PBXBuildFile; fileRef = 04819CF021B58592001E6471 /* MapKit.framework */; };
		04904DEE209790C70043C97A /* AppDelegate.swift in Sources */ = {isa = PBXBuildFile; fileRef = 04904DED209790C70043C97A /* AppDelegate.swift */; };
		04904DF3209790C70043C97A /* Main.storyboard in Resources */ = {isa = PBXBuildFile; fileRef = 04904DF1209790C70043C97A /* Main.storyboard */; };
		04904DF5209790C80043C97A /* Assets.xcassets in Resources */ = {isa = PBXBuildFile; fileRef = 04904DF4209790C80043C97A /* Assets.xcassets */; };
		04904DF8209790C80043C97A /* LaunchScreen.storyboard in Resources */ = {isa = PBXBuildFile; fileRef = 04904DF6209790C80043C97A /* LaunchScreen.storyboard */; };
		04904E03209790C80043C97A /* A_Level_Computer_Science_ProjectTests.swift in Sources */ = {isa = PBXBuildFile; fileRef = 04904E02209790C80043C97A /* A_Level_Computer_Science_ProjectTests.swift */; };
		04904E0E209790C80043C97A /* A_Level_Computer_Science_ProjectUITests.swift in Sources */ = {isa = PBXBuildFile; fileRef = 04904E0D209790C80043C97A /* A_Level_Computer_Science_ProjectUITests.swift */; };
		049CD70421754C5700DD5429 /* TicketPortalViewController.swift in Sources */ = {isa = PBXBuildFile; fileRef = 049CD70321754C5700DD5429 /* TicketPortalViewController.swift */; };
		049CD706217624C500DD5429 /* User.swift in Sources */ = {isa = PBXBuildFile; fileRef = 049CD705217624C500DD5429 /* User.swift */; };
		04C4507C2181CDCD009ECD30 /* QRDetailsViewController.swift in Sources */ = {isa = PBXBuildFile; fileRef = 04C4507B2181CDCD009ECD30 /* QRDetailsViewController.swift */; };
		04C450802181D545009ECD30 /* PKUser.swift in Sources */ = {isa = PBXBuildFile; fileRef = 04C4507F2181D545009ECD30 /* PKUser.swift */; };
		04C450882181F33A009ECD30 /* PKBarcode.swift in Sources */ = {isa = PBXBuildFile; fileRef = 04C450872181F33A009ECD30 /* PKBarcode.swift */; };
		04F5848C218112D1007E0AAD /* QRScannerViewController.swift in Sources */ = {isa = PBXBuildFile; fileRef = 04F5848B218112D1007E0AAD /* QRScannerViewController.swift */; };
		04F7126B21AC818C00E958D6 /* TicketConfirmationViewController.swift in Sources */ = {isa = PBXBuildFile; fileRef = 04F7126A21AC818C00E958D6 /* TicketConfirmationViewController.swift */; };
		04F7126D21AC81DF00E958D6 /* Transaction.swift in Sources */ = {isa = PBXBuildFile; fileRef = 04F7126C21AC81DF00E958D6 /* Transaction.swift */; };
		04FB57FC215C208500673B7D /* SignUpViewController.swift in Sources */ = {isa = PBXBuildFile; fileRef = 04FB57FB215C208500673B7D /* SignUpViewController.swift */; };
		375B6A6321935CEC0005E4B7 /* Seat.swift in Sources */ = {isa = PBXBuildFile; fileRef = 375B6A6221935CEC0005E4B7 /* Seat.swift */; };
		3772778F21590566007532A0 /* ShowListTableViewCell.swift in Sources */ = {isa = PBXBuildFile; fileRef = 3772778E21590566007532A0 /* ShowListTableViewCell.swift */; };
		37F0E7BC214FD1E400D9E335 /* LoginViewController.swift in Sources */ = {isa = PBXBuildFile; fileRef = 37F0E7BB214FD1E400D9E335 /* LoginViewController.swift */; };
		37F0E7BE214FD20000D9E335 /* ShowListTableViewController.swift in Sources */ = {isa = PBXBuildFile; fileRef = 37F0E7BD214FD20000D9E335 /* ShowListTableViewController.swift */; };
		37F0E7C0214FD21B00D9E335 /* ShowDetailViewController.swift in Sources */ = {isa = PBXBuildFile; fileRef = 37F0E7BF214FD21B00D9E335 /* ShowDetailViewController.swift */; };
		37FFAFAC21944337003F6DD3 /* SecondarySeatSelectionViewController.swift in Sources */ = {isa = PBXBuildFile; fileRef = 37FFAFAB21944337003F6DD3 /* SecondarySeatSelectionViewController.swift */; };
		424C7276EBB653F4F0C34161 /* Pods_A_Level_Computer_Science_ProjectUITests.framework in Frameworks */ = {isa = PBXBuildFile; fileRef = 679ABF60FC7DCA2308ACF4AB /* Pods_A_Level_Computer_Science_ProjectUITests.framework */; };
		BD4C2C1B218B57740059BBB4 /* AdminShowListTableViewController.swift in Sources */ = {isa = PBXBuildFile; fileRef = BD4C2C1A218B57740059BBB4 /* AdminShowListTableViewController.swift */; };
		BD4C2C1D218C635A0059BBB4 /* AddShowViewController.swift in Sources */ = {isa = PBXBuildFile; fileRef = BD4C2C1C218C635A0059BBB4 /* AddShowViewController.swift */; };
		BD89FD7E2163ECF10050D379 /* Validation.swift in Sources */ = {isa = PBXBuildFile; fileRef = BD89FD7D2163ECF10050D379 /* Validation.swift */; };
		BD90ACCD21652154003C831A /* Alerts.swift in Sources */ = {isa = PBXBuildFile; fileRef = BD90ACCC21652154003C831A /* Alerts.swift */; };
		BD90ACCF21676737003C831A /* Show.swift in Sources */ = {isa = PBXBuildFile; fileRef = BD90ACCE21676737003C831A /* Show.swift */; };
		BDB0EEC321AF00DD00D2A744 /* testTableTableViewController.swift in Sources */ = {isa = PBXBuildFile; fileRef = BDB0EEC221AF00DD00D2A744 /* testTableTableViewController.swift */; };
		C6BCE0ECA2BEB20F7B02B62D /* Pods_A_Level_Computer_Science_Project.framework in Frameworks */ = {isa = PBXBuildFile; fileRef = 9524BA26A7BC9710475318F5 /* Pods_A_Level_Computer_Science_Project.framework */; };
		FF2DE5F89962C91ED0503ECA /* Pods_A_Level_Computer_Science_ProjectTests.framework in Frameworks */ = {isa = PBXBuildFile; fileRef = 4F2443A8AFB8F00A5ACD7A53 /* Pods_A_Level_Computer_Science_ProjectTests.framework */; };
/* End PBXBuildFile section */

/* Begin PBXContainerItemProxy section */
		04904DFF209790C80043C97A /* PBXContainerItemProxy */ = {
			isa = PBXContainerItemProxy;
			containerPortal = 04904DE2209790C70043C97A /* Project object */;
			proxyType = 1;
			remoteGlobalIDString = 04904DE9209790C70043C97A;
			remoteInfo = "A Level Computer Science Project";
		};
		04904E0A209790C80043C97A /* PBXContainerItemProxy */ = {
			isa = PBXContainerItemProxy;
			containerPortal = 04904DE2209790C70043C97A /* Project object */;
			proxyType = 1;
			remoteGlobalIDString = 04904DE9209790C70043C97A;
			remoteInfo = "A Level Computer Science Project";
		};
/* End PBXContainerItemProxy section */

/* Begin PBXFileReference section */
		040ABC8F2097934B00F07B6A /* GoogleService-Info.plist */ = {isa = PBXFileReference; fileEncoding = 4; lastKnownFileType = text.plist.xml; path = "GoogleService-Info.plist"; sourceTree = "<group>"; };
		04360C2B21775B5800AE8C5C /* A Level Computer Science Project.entitlements */ = {isa = PBXFileReference; lastKnownFileType = text.plist.entitlements; path = "A Level Computer Science Project.entitlements"; sourceTree = "<group>"; };
		04360C2C2177DA5100AE8C5C /* Ticket.swift */ = {isa = PBXFileReference; lastKnownFileType = sourcecode.swift; path = Ticket.swift; sourceTree = "<group>"; };
		04360C2E217E364500AE8C5C /* PassKit.framework */ = {isa = PBXFileReference; lastKnownFileType = wrapper.framework; name = PassKit.framework; path = System/Library/Frameworks/PassKit.framework; sourceTree = SDKROOT; };
		04480B63217E391600975ED6 /* TicketSummaryViewController.swift */ = {isa = PBXFileReference; lastKnownFileType = sourcecode.swift; path = TicketSummaryViewController.swift; sourceTree = "<group>"; };
		045D5AD921AFF5C5001BA669 /* MVC.swift */ = {isa = PBXFileReference; lastKnownFileType = sourcecode.swift; path = MVC.swift; sourceTree = "<group>"; };
		046F38B82180C7880026EA16 /* Admin.storyboard */ = {isa = PBXFileReference; lastKnownFileType = file.storyboard; path = Admin.storyboard; sourceTree = "<group>"; };
		046F38BD2180C83E0026EA16 /* InitialAdminViewController.swift */ = {isa = PBXFileReference; lastKnownFileType = sourcecode.swift; path = InitialAdminViewController.swift; sourceTree = "<group>"; };
		04819CEE21B55EBB001E6471 /* TheatreMapViewController.swift */ = {isa = PBXFileReference; lastKnownFileType = sourcecode.swift; path = TheatreMapViewController.swift; sourceTree = "<group>"; };
		04819CF021B58592001E6471 /* MapKit.framework */ = {isa = PBXFileReference; lastKnownFileType = wrapper.framework; name = MapKit.framework; path = System/Library/Frameworks/MapKit.framework; sourceTree = SDKROOT; };
		04904DEA209790C70043C97A /* A Level Computer Science Project.app */ = {isa = PBXFileReference; explicitFileType = wrapper.application; includeInIndex = 0; path = "A Level Computer Science Project.app"; sourceTree = BUILT_PRODUCTS_DIR; };
		04904DED209790C70043C97A /* AppDelegate.swift */ = {isa = PBXFileReference; lastKnownFileType = sourcecode.swift; path = AppDelegate.swift; sourceTree = "<group>"; };
		04904DF2209790C70043C97A /* Base */ = {isa = PBXFileReference; lastKnownFileType = file.storyboard; name = Base; path = Base.lproj/Main.storyboard; sourceTree = "<group>"; };
		04904DF4209790C80043C97A /* Assets.xcassets */ = {isa = PBXFileReference; lastKnownFileType = folder.assetcatalog; path = Assets.xcassets; sourceTree = "<group>"; };
		04904DF7209790C80043C97A /* Base */ = {isa = PBXFileReference; lastKnownFileType = file.storyboard; name = Base; path = Base.lproj/LaunchScreen.storyboard; sourceTree = "<group>"; };
		04904DF9209790C80043C97A /* Info.plist */ = {isa = PBXFileReference; lastKnownFileType = text.plist.xml; path = Info.plist; sourceTree = "<group>"; };
		04904DFE209790C80043C97A /* A Level Computer Science ProjectTests.xctest */ = {isa = PBXFileReference; explicitFileType = wrapper.cfbundle; includeInIndex = 0; path = "A Level Computer Science ProjectTests.xctest"; sourceTree = BUILT_PRODUCTS_DIR; };
		04904E02209790C80043C97A /* A_Level_Computer_Science_ProjectTests.swift */ = {isa = PBXFileReference; lastKnownFileType = sourcecode.swift; path = A_Level_Computer_Science_ProjectTests.swift; sourceTree = "<group>"; };
		04904E04209790C80043C97A /* Info.plist */ = {isa = PBXFileReference; lastKnownFileType = text.plist.xml; path = Info.plist; sourceTree = "<group>"; };
		04904E09209790C80043C97A /* A Level Computer Science ProjectUITests.xctest */ = {isa = PBXFileReference; explicitFileType = wrapper.cfbundle; includeInIndex = 0; path = "A Level Computer Science ProjectUITests.xctest"; sourceTree = BUILT_PRODUCTS_DIR; };
		04904E0D209790C80043C97A /* A_Level_Computer_Science_ProjectUITests.swift */ = {isa = PBXFileReference; lastKnownFileType = sourcecode.swift; path = A_Level_Computer_Science_ProjectUITests.swift; sourceTree = "<group>"; };
		04904E0F209790C80043C97A /* Info.plist */ = {isa = PBXFileReference; lastKnownFileType = text.plist.xml; path = Info.plist; sourceTree = "<group>"; };
		049CD70321754C5700DD5429 /* TicketPortalViewController.swift */ = {isa = PBXFileReference; lastKnownFileType = sourcecode.swift; path = TicketPortalViewController.swift; sourceTree = "<group>"; };
		049CD705217624C500DD5429 /* User.swift */ = {isa = PBXFileReference; lastKnownFileType = sourcecode.swift; path = User.swift; sourceTree = "<group>"; };
		04C4507B2181CDCD009ECD30 /* QRDetailsViewController.swift */ = {isa = PBXFileReference; lastKnownFileType = sourcecode.swift; path = QRDetailsViewController.swift; sourceTree = "<group>"; };
		04C4507F2181D545009ECD30 /* PKUser.swift */ = {isa = PBXFileReference; lastKnownFileType = sourcecode.swift; path = PKUser.swift; sourceTree = "<group>"; };
		04C450872181F33A009ECD30 /* PKBarcode.swift */ = {isa = PBXFileReference; lastKnownFileType = sourcecode.swift; path = PKBarcode.swift; sourceTree = "<group>"; };
		04F5848B218112D1007E0AAD /* QRScannerViewController.swift */ = {isa = PBXFileReference; lastKnownFileType = sourcecode.swift; path = QRScannerViewController.swift; sourceTree = "<group>"; usesTabs = 0; };
		04F7126A21AC818C00E958D6 /* TicketConfirmationViewController.swift */ = {isa = PBXFileReference; lastKnownFileType = sourcecode.swift; path = TicketConfirmationViewController.swift; sourceTree = "<group>"; };
		04F7126C21AC81DF00E958D6 /* Transaction.swift */ = {isa = PBXFileReference; lastKnownFileType = sourcecode.swift; path = Transaction.swift; sourceTree = "<group>"; };
		04FB57FB215C208500673B7D /* SignUpViewController.swift */ = {isa = PBXFileReference; lastKnownFileType = sourcecode.swift; path = SignUpViewController.swift; sourceTree = "<group>"; };
		375B6A6221935CEC0005E4B7 /* Seat.swift */ = {isa = PBXFileReference; lastKnownFileType = sourcecode.swift; path = Seat.swift; sourceTree = "<group>"; };
		3772778E21590566007532A0 /* ShowListTableViewCell.swift */ = {isa = PBXFileReference; lastKnownFileType = sourcecode.swift; path = ShowListTableViewCell.swift; sourceTree = "<group>"; };
		37F0E7BB214FD1E400D9E335 /* LoginViewController.swift */ = {isa = PBXFileReference; lastKnownFileType = sourcecode.swift; path = LoginViewController.swift; sourceTree = "<group>"; };
		37F0E7BD214FD20000D9E335 /* ShowListTableViewController.swift */ = {isa = PBXFileReference; lastKnownFileType = sourcecode.swift; path = ShowListTableViewController.swift; sourceTree = "<group>"; };
		37F0E7BF214FD21B00D9E335 /* ShowDetailViewController.swift */ = {isa = PBXFileReference; lastKnownFileType = sourcecode.swift; path = ShowDetailViewController.swift; sourceTree = "<group>"; };
		37FFAFAB21944337003F6DD3 /* SecondarySeatSelectionViewController.swift */ = {isa = PBXFileReference; lastKnownFileType = sourcecode.swift; path = SecondarySeatSelectionViewController.swift; sourceTree = "<group>"; };
		46BE936E5560545E57BC3C85 /* Pods-A Level Computer Science Project.debug.xcconfig */ = {isa = PBXFileReference; includeInIndex = 1; lastKnownFileType = text.xcconfig; name = "Pods-A Level Computer Science Project.debug.xcconfig"; path = "Pods/Target Support Files/Pods-A Level Computer Science Project/Pods-A Level Computer Science Project.debug.xcconfig"; sourceTree = "<group>"; };
		4F2443A8AFB8F00A5ACD7A53 /* Pods_A_Level_Computer_Science_ProjectTests.framework */ = {isa = PBXFileReference; explicitFileType = wrapper.framework; includeInIndex = 0; path = Pods_A_Level_Computer_Science_ProjectTests.framework; sourceTree = BUILT_PRODUCTS_DIR; };
		679ABF60FC7DCA2308ACF4AB /* Pods_A_Level_Computer_Science_ProjectUITests.framework */ = {isa = PBXFileReference; explicitFileType = wrapper.framework; includeInIndex = 0; path = Pods_A_Level_Computer_Science_ProjectUITests.framework; sourceTree = BUILT_PRODUCTS_DIR; };
		93BFCEED6F8AC535E975C668 /* Pods-A Level Computer Science ProjectTests.debug.xcconfig */ = {isa = PBXFileReference; includeInIndex = 1; lastKnownFileType = text.xcconfig; name = "Pods-A Level Computer Science ProjectTests.debug.xcconfig"; path = "Pods/Target Support Files/Pods-A Level Computer Science ProjectTests/Pods-A Level Computer Science ProjectTests.debug.xcconfig"; sourceTree = "<group>"; };
		9524BA26A7BC9710475318F5 /* Pods_A_Level_Computer_Science_Project.framework */ = {isa = PBXFileReference; explicitFileType = wrapper.framework; includeInIndex = 0; path = Pods_A_Level_Computer_Science_Project.framework; sourceTree = BUILT_PRODUCTS_DIR; };
		A9DC9798A5403709D709E26B /* Pods-A Level Computer Science ProjectUITests.debug.xcconfig */ = {isa = PBXFileReference; includeInIndex = 1; lastKnownFileType = text.xcconfig; name = "Pods-A Level Computer Science ProjectUITests.debug.xcconfig"; path = "Pods/Target Support Files/Pods-A Level Computer Science ProjectUITests/Pods-A Level Computer Science ProjectUITests.debug.xcconfig"; sourceTree = "<group>"; };
		B298EA4BC17B556A2C4D6809 /* Pods-A Level Computer Science Project.release.xcconfig */ = {isa = PBXFileReference; includeInIndex = 1; lastKnownFileType = text.xcconfig; name = "Pods-A Level Computer Science Project.release.xcconfig"; path = "Pods/Target Support Files/Pods-A Level Computer Science Project/Pods-A Level Computer Science Project.release.xcconfig"; sourceTree = "<group>"; };
		BD4C2C1A218B57740059BBB4 /* AdminShowListTableViewController.swift */ = {isa = PBXFileReference; lastKnownFileType = sourcecode.swift; path = AdminShowListTableViewController.swift; sourceTree = "<group>"; };
		BD4C2C1C218C635A0059BBB4 /* AddShowViewController.swift */ = {isa = PBXFileReference; lastKnownFileType = sourcecode.swift; path = AddShowViewController.swift; sourceTree = "<group>"; };
		BD89FD7D2163ECF10050D379 /* Validation.swift */ = {isa = PBXFileReference; lastKnownFileType = sourcecode.swift; path = Validation.swift; sourceTree = "<group>"; };
		BD90ACCC21652154003C831A /* Alerts.swift */ = {isa = PBXFileReference; lastKnownFileType = sourcecode.swift; path = Alerts.swift; sourceTree = "<group>"; };
		BD90ACCE21676737003C831A /* Show.swift */ = {isa = PBXFileReference; lastKnownFileType = sourcecode.swift; path = Show.swift; sourceTree = "<group>"; };
		BDB0EEC221AF00DD00D2A744 /* testTableTableViewController.swift */ = {isa = PBXFileReference; lastKnownFileType = sourcecode.swift; path = testTableTableViewController.swift; sourceTree = "<group>"; };
		DC0ED3BCA26088325A26542B /* Pods-A Level Computer Science ProjectTests.release.xcconfig */ = {isa = PBXFileReference; includeInIndex = 1; lastKnownFileType = text.xcconfig; name = "Pods-A Level Computer Science ProjectTests.release.xcconfig"; path = "Pods/Target Support Files/Pods-A Level Computer Science ProjectTests/Pods-A Level Computer Science ProjectTests.release.xcconfig"; sourceTree = "<group>"; };
		EF06BFAFEC0BBCD2588C032D /* Pods-A Level Computer Science ProjectUITests.release.xcconfig */ = {isa = PBXFileReference; includeInIndex = 1; lastKnownFileType = text.xcconfig; name = "Pods-A Level Computer Science ProjectUITests.release.xcconfig"; path = "Pods/Target Support Files/Pods-A Level Computer Science ProjectUITests/Pods-A Level Computer Science ProjectUITests.release.xcconfig"; sourceTree = "<group>"; };
/* End PBXFileReference section */

/* Begin PBXFrameworksBuildPhase section */
		04904DE7209790C70043C97A /* Frameworks */ = {
			isa = PBXFrameworksBuildPhase;
			buildActionMask = 2147483647;
			files = (
				04360C2F217E364500AE8C5C /* PassKit.framework in Frameworks */,
				04819CF121B58592001E6471 /* MapKit.framework in Frameworks */,
				C6BCE0ECA2BEB20F7B02B62D /* Pods_A_Level_Computer_Science_Project.framework in Frameworks */,
			);
			runOnlyForDeploymentPostprocessing = 0;
		};
		04904DFB209790C80043C97A /* Frameworks */ = {
			isa = PBXFrameworksBuildPhase;
			buildActionMask = 2147483647;
			files = (
				FF2DE5F89962C91ED0503ECA /* Pods_A_Level_Computer_Science_ProjectTests.framework in Frameworks */,
			);
			runOnlyForDeploymentPostprocessing = 0;
		};
		04904E06209790C80043C97A /* Frameworks */ = {
			isa = PBXFrameworksBuildPhase;
			buildActionMask = 2147483647;
			files = (
				424C7276EBB653F4F0C34161 /* Pods_A_Level_Computer_Science_ProjectUITests.framework in Frameworks */,
			);
			runOnlyForDeploymentPostprocessing = 0;
		};
/* End PBXFrameworksBuildPhase section */

/* Begin PBXGroup section */
		02E514B4C1E34FCD2454B726 /* Frameworks */ = {
			isa = PBXGroup;
			children = (
				04819CF021B58592001E6471 /* MapKit.framework */,
				04360C2E217E364500AE8C5C /* PassKit.framework */,
				9524BA26A7BC9710475318F5 /* Pods_A_Level_Computer_Science_Project.framework */,
				4F2443A8AFB8F00A5ACD7A53 /* Pods_A_Level_Computer_Science_ProjectTests.framework */,
				679ABF60FC7DCA2308ACF4AB /* Pods_A_Level_Computer_Science_ProjectUITests.framework */,
			);
			name = Frameworks;
			sourceTree = "<group>";
		};
		046F38BA2180C7F30026EA16 /* Storyboards */ = {
			isa = PBXGroup;
			children = (
				04904DF1209790C70043C97A /* Main.storyboard */,
				046F38B82180C7880026EA16 /* Admin.storyboard */,
			);
			path = Storyboards;
			sourceTree = "<group>";
		};
		046F38BC2180C8240026EA16 /* Admin */ = {
			isa = PBXGroup;
			children = (
				046F38BD2180C83E0026EA16 /* InitialAdminViewController.swift */,
				04F5848B218112D1007E0AAD /* QRScannerViewController.swift */,
				BD4C2C1A218B57740059BBB4 /* AdminShowListTableViewController.swift */,
				04C4507B2181CDCD009ECD30 /* QRDetailsViewController.swift */,
				04C4507F2181D545009ECD30 /* PKUser.swift */,
				04C450872181F33A009ECD30 /* PKBarcode.swift */,
			);
			path = Admin;
			sourceTree = "<group>";
		};
		04904DE1209790C70043C97A = {
			isa = PBXGroup;
			children = (
				04904DEC209790C70043C97A /* A Level Computer Science Project */,
				04904E01209790C80043C97A /* A Level Computer Science ProjectTests */,
				04904E0C209790C80043C97A /* A Level Computer Science ProjectUITests */,
				04904DEB209790C70043C97A /* Products */,
				02E514B4C1E34FCD2454B726 /* Frameworks */,
				4734B583673136A46BE9EBC9 /* Pods */,
			);
			sourceTree = "<group>";
		};
		04904DEB209790C70043C97A /* Products */ = {
			isa = PBXGroup;
			children = (
				04904DEA209790C70043C97A /* A Level Computer Science Project.app */,
				04904DFE209790C80043C97A /* A Level Computer Science ProjectTests.xctest */,
				04904E09209790C80043C97A /* A Level Computer Science ProjectUITests.xctest */,
			);
			name = Products;
			sourceTree = "<group>";
		};
		04904DEC209790C70043C97A /* A Level Computer Science Project */ = {
			isa = PBXGroup;
			children = (
				04360C2B21775B5800AE8C5C /* A Level Computer Science Project.entitlements */,
				04904DED209790C70043C97A /* AppDelegate.swift */,
				045D5AD921AFF5C5001BA669 /* MVC.swift */,
				046F38BA2180C7F30026EA16 /* Storyboards */,
				04FB57FA215C206600673B7D /* Login */,
				37F0E7BA214FD1A000D9E335 /* Show List */,
				046F38BC2180C8240026EA16 /* Admin */,
				049CD70221754C3200DD5429 /* Ticketing */,
				04904DF4209790C80043C97A /* Assets.xcassets */,
				04904DF6209790C80043C97A /* LaunchScreen.storyboard */,
				04904DF9209790C80043C97A /* Info.plist */,
				040ABC8F2097934B00F07B6A /* GoogleService-Info.plist */,
			);
			path = "A Level Computer Science Project";
			sourceTree = "<group>";
		};
		04904E01209790C80043C97A /* A Level Computer Science ProjectTests */ = {
			isa = PBXGroup;
			children = (
				04904E02209790C80043C97A /* A_Level_Computer_Science_ProjectTests.swift */,
				04904E04209790C80043C97A /* Info.plist */,
			);
			path = "A Level Computer Science ProjectTests";
			sourceTree = "<group>";
		};
		04904E0C209790C80043C97A /* A Level Computer Science ProjectUITests */ = {
			isa = PBXGroup;
			children = (
				04904E0D209790C80043C97A /* A_Level_Computer_Science_ProjectUITests.swift */,
				04904E0F209790C80043C97A /* Info.plist */,
			);
			path = "A Level Computer Science ProjectUITests";
			sourceTree = "<group>";
		};
		049CD70221754C3200DD5429 /* Ticketing */ = {
			isa = PBXGroup;
			children = (
				049CD70321754C5700DD5429 /* TicketPortalViewController.swift */,
				37FFAFAB21944337003F6DD3 /* SecondarySeatSelectionViewController.swift */,
				04480B63217E391600975ED6 /* TicketSummaryViewController.swift */,
				04F7126A21AC818C00E958D6 /* TicketConfirmationViewController.swift */,
				04360C2C2177DA5100AE8C5C /* Ticket.swift */,
				04F7126C21AC81DF00E958D6 /* Transaction.swift */,
				375B6A6221935CEC0005E4B7 /* Seat.swift */,
			);
			path = Ticketing;
			sourceTree = "<group>";
		};
		04FB57FA215C206600673B7D /* Login */ = {
			isa = PBXGroup;
			children = (
				37F0E7BB214FD1E400D9E335 /* LoginViewController.swift */,
				04FB57FB215C208500673B7D /* SignUpViewController.swift */,
				BD89FD7D2163ECF10050D379 /* Validation.swift */,
				049CD705217624C500DD5429 /* User.swift */,
				BD90ACCC21652154003C831A /* Alerts.swift */,
			);
			path = Login;
			sourceTree = "<group>";
		};
		37F0E7BA214FD1A000D9E335 /* Show List */ = {
			isa = PBXGroup;
			children = (
				37F0E7BD214FD20000D9E335 /* ShowListTableViewController.swift */,
				BD4C2C1C218C635A0059BBB4 /* AddShowViewController.swift */,
				BDB0EEC221AF00DD00D2A744 /* testTableTableViewController.swift */,
				3772778E21590566007532A0 /* ShowListTableViewCell.swift */,
				37F0E7BF214FD21B00D9E335 /* ShowDetailViewController.swift */,
				04819CEE21B55EBB001E6471 /* TheatreMapViewController.swift */,
				BD90ACCE21676737003C831A /* Show.swift */,
			);
			path = "Show List";
			sourceTree = "<group>";
		};
		4734B583673136A46BE9EBC9 /* Pods */ = {
			isa = PBXGroup;
			children = (
				46BE936E5560545E57BC3C85 /* Pods-A Level Computer Science Project.debug.xcconfig */,
				B298EA4BC17B556A2C4D6809 /* Pods-A Level Computer Science Project.release.xcconfig */,
				93BFCEED6F8AC535E975C668 /* Pods-A Level Computer Science ProjectTests.debug.xcconfig */,
				DC0ED3BCA26088325A26542B /* Pods-A Level Computer Science ProjectTests.release.xcconfig */,
				A9DC9798A5403709D709E26B /* Pods-A Level Computer Science ProjectUITests.debug.xcconfig */,
				EF06BFAFEC0BBCD2588C032D /* Pods-A Level Computer Science ProjectUITests.release.xcconfig */,
			);
			name = Pods;
			sourceTree = "<group>";
		};
/* End PBXGroup section */

/* Begin PBXNativeTarget section */
		04904DE9209790C70043C97A /* A Level Computer Science Project */ = {
			isa = PBXNativeTarget;
			buildConfigurationList = 04904E12209790C80043C97A /* Build configuration list for PBXNativeTarget "A Level Computer Science Project" */;
			buildPhases = (
				13820D0D0BAD0163466B5D9B /* [CP] Check Pods Manifest.lock */,
				04904DE6209790C70043C97A /* Sources */,
				04904DE7209790C70043C97A /* Frameworks */,
				04904DE8209790C70043C97A /* Resources */,
				27A854510B991317EA15B58A /* [CP] Embed Pods Frameworks */,
			);
			buildRules = (
			);
			dependencies = (
			);
			name = "A Level Computer Science Project";
			productName = "A Level Computer Science Project";
			productReference = 04904DEA209790C70043C97A /* A Level Computer Science Project.app */;
			productType = "com.apple.product-type.application";
		};
		04904DFD209790C80043C97A /* A Level Computer Science ProjectTests */ = {
			isa = PBXNativeTarget;
			buildConfigurationList = 04904E15209790C80043C97A /* Build configuration list for PBXNativeTarget "A Level Computer Science ProjectTests" */;
			buildPhases = (
				60E0D24DDF18F6FECB6F8054 /* [CP] Check Pods Manifest.lock */,
				04904DFA209790C80043C97A /* Sources */,
				04904DFB209790C80043C97A /* Frameworks */,
				04904DFC209790C80043C97A /* Resources */,
			);
			buildRules = (
			);
			dependencies = (
				04904E00209790C80043C97A /* PBXTargetDependency */,
			);
			name = "A Level Computer Science ProjectTests";
			productName = "A Level Computer Science ProjectTests";
			productReference = 04904DFE209790C80043C97A /* A Level Computer Science ProjectTests.xctest */;
			productType = "com.apple.product-type.bundle.unit-test";
		};
		04904E08209790C80043C97A /* A Level Computer Science ProjectUITests */ = {
			isa = PBXNativeTarget;
			buildConfigurationList = 04904E18209790C80043C97A /* Build configuration list for PBXNativeTarget "A Level Computer Science ProjectUITests" */;
			buildPhases = (
				CC653D0216C8B83D6D880460 /* [CP] Check Pods Manifest.lock */,
				04904E05209790C80043C97A /* Sources */,
				04904E06209790C80043C97A /* Frameworks */,
				04904E07209790C80043C97A /* Resources */,
			);
			buildRules = (
			);
			dependencies = (
				04904E0B209790C80043C97A /* PBXTargetDependency */,
			);
			name = "A Level Computer Science ProjectUITests";
			productName = "A Level Computer Science ProjectUITests";
			productReference = 04904E09209790C80043C97A /* A Level Computer Science ProjectUITests.xctest */;
			productType = "com.apple.product-type.bundle.ui-testing";
		};
/* End PBXNativeTarget section */

/* Begin PBXProject section */
		04904DE2209790C70043C97A /* Project object */ = {
			isa = PBXProject;
			attributes = {
				LastSwiftUpdateCheck = 0930;
				LastUpgradeCheck = 0930;
				ORGANIZATIONNAME = "Seena Shafai";
				TargetAttributes = {
					04904DE9209790C70043C97A = {
						CreatedOnToolsVersion = 9.3;
						LastSwiftMigration = 1000;
						SystemCapabilities = {
							com.apple.Keychain = {
								enabled = 1;
							};
							com.apple.Maps.iOS = {
								enabled = 1;
							};
							com.apple.Wallet = {
								enabled = 1;
							};
						};
					};
					04904DFD209790C80043C97A = {
						CreatedOnToolsVersion = 9.3;
						LastSwiftMigration = 1000;
						TestTargetID = 04904DE9209790C70043C97A;
					};
					04904E08209790C80043C97A = {
						CreatedOnToolsVersion = 9.3;
						LastSwiftMigration = 1000;
						TestTargetID = 04904DE9209790C70043C97A;
					};
				};
			};
			buildConfigurationList = 04904DE5209790C70043C97A /* Build configuration list for PBXProject "A Level Computer Science Project" */;
			compatibilityVersion = "Xcode 9.3";
			developmentRegion = en;
			hasScannedForEncodings = 0;
			knownRegions = (
				en,
				Base,
			);
			mainGroup = 04904DE1209790C70043C97A;
			productRefGroup = 04904DEB209790C70043C97A /* Products */;
			projectDirPath = "";
			projectRoot = "";
			targets = (
				04904DE9209790C70043C97A /* A Level Computer Science Project */,
				04904DFD209790C80043C97A /* A Level Computer Science ProjectTests */,
				04904E08209790C80043C97A /* A Level Computer Science ProjectUITests */,
			);
		};
/* End PBXProject section */

/* Begin PBXResourcesBuildPhase section */
		04904DE8209790C70043C97A /* Resources */ = {
			isa = PBXResourcesBuildPhase;
			buildActionMask = 2147483647;
			files = (
				04904DF8209790C80043C97A /* LaunchScreen.storyboard in Resources */,
				046F38B92180C7880026EA16 /* Admin.storyboard in Resources */,
				040ABC902097934B00F07B6A /* GoogleService-Info.plist in Resources */,
				04904DF5209790C80043C97A /* Assets.xcassets in Resources */,
				04904DF3209790C70043C97A /* Main.storyboard in Resources */,
			);
			runOnlyForDeploymentPostprocessing = 0;
		};
		04904DFC209790C80043C97A /* Resources */ = {
			isa = PBXResourcesBuildPhase;
			buildActionMask = 2147483647;
			files = (
				040ABC912097934B00F07B6A /* GoogleService-Info.plist in Resources */,
			);
			runOnlyForDeploymentPostprocessing = 0;
		};
		04904E07209790C80043C97A /* Resources */ = {
			isa = PBXResourcesBuildPhase;
			buildActionMask = 2147483647;
			files = (
				040ABC922097934B00F07B6A /* GoogleService-Info.plist in Resources */,
			);
			runOnlyForDeploymentPostprocessing = 0;
		};
/* End PBXResourcesBuildPhase section */

/* Begin PBXShellScriptBuildPhase section */
		13820D0D0BAD0163466B5D9B /* [CP] Check Pods Manifest.lock */ = {
			isa = PBXShellScriptBuildPhase;
			buildActionMask = 2147483647;
			files = (
			);
			inputFileListPaths = (
			);
			inputPaths = (
				"${PODS_PODFILE_DIR_PATH}/Podfile.lock",
				"${PODS_ROOT}/Manifest.lock",
			);
			name = "[CP] Check Pods Manifest.lock";
			outputFileListPaths = (
			);
			outputPaths = (
				"$(DERIVED_FILE_DIR)/Pods-A Level Computer Science Project-checkManifestLockResult.txt",
			);
			runOnlyForDeploymentPostprocessing = 0;
			shellPath = /bin/sh;
			shellScript = "diff \"${PODS_PODFILE_DIR_PATH}/Podfile.lock\" \"${PODS_ROOT}/Manifest.lock\" > /dev/null\nif [ $? != 0 ] ; then\n    # print error to STDERR\n    echo \"error: The sandbox is not in sync with the Podfile.lock. Run 'pod install' or update your CocoaPods installation.\" >&2\n    exit 1\nfi\n# This output is used by Xcode 'outputs' to avoid re-running this script phase.\necho \"SUCCESS\" > \"${SCRIPT_OUTPUT_FILE_0}\"\n";
			showEnvVarsInLog = 0;
		};
		27A854510B991317EA15B58A /* [CP] Embed Pods Frameworks */ = {
			isa = PBXShellScriptBuildPhase;
			buildActionMask = 2147483647;
			files = (
			);
			inputFileListPaths = (
			);
			inputPaths = (
				"${SRCROOT}/Pods/Target Support Files/Pods-A Level Computer Science Project/Pods-A Level Computer Science Project-frameworks.sh",
				"${BUILT_PRODUCTS_DIR}/BoringSSL/openssl.framework",
				"${BUILT_PRODUCTS_DIR}/GTMSessionFetcher/GTMSessionFetcher.framework",
				"${BUILT_PRODUCTS_DIR}/GoogleUtilities/GoogleUtilities.framework",
				"${BUILT_PRODUCTS_DIR}/IQKeyboardManagerSwift/IQKeyboardManagerSwift.framework",
				"${BUILT_PRODUCTS_DIR}/MDFInternationalization/MDFInternationalization.framework",
				"${BUILT_PRODUCTS_DIR}/MDFTextAccessibility/MDFTextAccessibility.framework",
				"${BUILT_PRODUCTS_DIR}/MaterialComponents/MaterialComponents.framework",
				"${BUILT_PRODUCTS_DIR}/PKHUD/PKHUD.framework",
				"${BUILT_PRODUCTS_DIR}/Protobuf/Protobuf.framework",
				"${BUILT_PRODUCTS_DIR}/gRPC/GRPCClient.framework",
				"${BUILT_PRODUCTS_DIR}/gRPC-C++/grpcpp.framework",
				"${BUILT_PRODUCTS_DIR}/gRPC-Core/grpc.framework",
				"${BUILT_PRODUCTS_DIR}/gRPC-ProtoRPC/ProtoRPC.framework",
				"${BUILT_PRODUCTS_DIR}/gRPC-RxLibrary/RxLibrary.framework",
				"${BUILT_PRODUCTS_DIR}/leveldb-library/leveldb.framework",
				"${BUILT_PRODUCTS_DIR}/nanopb/nanopb.framework",
			);
			name = "[CP] Embed Pods Frameworks";
			outputFileListPaths = (
			);
			outputPaths = (
				"${TARGET_BUILD_DIR}/${FRAMEWORKS_FOLDER_PATH}/openssl.framework",
				"${TARGET_BUILD_DIR}/${FRAMEWORKS_FOLDER_PATH}/GTMSessionFetcher.framework",
				"${TARGET_BUILD_DIR}/${FRAMEWORKS_FOLDER_PATH}/GoogleUtilities.framework",
				"${TARGET_BUILD_DIR}/${FRAMEWORKS_FOLDER_PATH}/IQKeyboardManagerSwift.framework",
				"${TARGET_BUILD_DIR}/${FRAMEWORKS_FOLDER_PATH}/MDFInternationalization.framework",
				"${TARGET_BUILD_DIR}/${FRAMEWORKS_FOLDER_PATH}/MDFTextAccessibility.framework",
				"${TARGET_BUILD_DIR}/${FRAMEWORKS_FOLDER_PATH}/MaterialComponents.framework",
				"${TARGET_BUILD_DIR}/${FRAMEWORKS_FOLDER_PATH}/PKHUD.framework",
				"${TARGET_BUILD_DIR}/${FRAMEWORKS_FOLDER_PATH}/Protobuf.framework",
				"${TARGET_BUILD_DIR}/${FRAMEWORKS_FOLDER_PATH}/GRPCClient.framework",
				"${TARGET_BUILD_DIR}/${FRAMEWORKS_FOLDER_PATH}/grpcpp.framework",
				"${TARGET_BUILD_DIR}/${FRAMEWORKS_FOLDER_PATH}/grpc.framework",
				"${TARGET_BUILD_DIR}/${FRAMEWORKS_FOLDER_PATH}/ProtoRPC.framework",
				"${TARGET_BUILD_DIR}/${FRAMEWORKS_FOLDER_PATH}/RxLibrary.framework",
				"${TARGET_BUILD_DIR}/${FRAMEWORKS_FOLDER_PATH}/leveldb.framework",
				"${TARGET_BUILD_DIR}/${FRAMEWORKS_FOLDER_PATH}/nanopb.framework",
			);
			runOnlyForDeploymentPostprocessing = 0;
			shellPath = /bin/sh;
			shellScript = "\"${SRCROOT}/Pods/Target Support Files/Pods-A Level Computer Science Project/Pods-A Level Computer Science Project-frameworks.sh\"\n";
			showEnvVarsInLog = 0;
		};
		60E0D24DDF18F6FECB6F8054 /* [CP] Check Pods Manifest.lock */ = {
			isa = PBXShellScriptBuildPhase;
			buildActionMask = 2147483647;
			files = (
			);
			inputFileListPaths = (
			);
			inputPaths = (
				"${PODS_PODFILE_DIR_PATH}/Podfile.lock",
				"${PODS_ROOT}/Manifest.lock",
			);
			name = "[CP] Check Pods Manifest.lock";
			outputFileListPaths = (
			);
			outputPaths = (
				"$(DERIVED_FILE_DIR)/Pods-A Level Computer Science ProjectTests-checkManifestLockResult.txt",
			);
			runOnlyForDeploymentPostprocessing = 0;
			shellPath = /bin/sh;
			shellScript = "diff \"${PODS_PODFILE_DIR_PATH}/Podfile.lock\" \"${PODS_ROOT}/Manifest.lock\" > /dev/null\nif [ $? != 0 ] ; then\n    # print error to STDERR\n    echo \"error: The sandbox is not in sync with the Podfile.lock. Run 'pod install' or update your CocoaPods installation.\" >&2\n    exit 1\nfi\n# This output is used by Xcode 'outputs' to avoid re-running this script phase.\necho \"SUCCESS\" > \"${SCRIPT_OUTPUT_FILE_0}\"\n";
			showEnvVarsInLog = 0;
		};
		CC653D0216C8B83D6D880460 /* [CP] Check Pods Manifest.lock */ = {
			isa = PBXShellScriptBuildPhase;
			buildActionMask = 2147483647;
			files = (
			);
			inputFileListPaths = (
			);
			inputPaths = (
				"${PODS_PODFILE_DIR_PATH}/Podfile.lock",
				"${PODS_ROOT}/Manifest.lock",
			);
			name = "[CP] Check Pods Manifest.lock";
			outputFileListPaths = (
			);
			outputPaths = (
				"$(DERIVED_FILE_DIR)/Pods-A Level Computer Science ProjectUITests-checkManifestLockResult.txt",
			);
			runOnlyForDeploymentPostprocessing = 0;
			shellPath = /bin/sh;
			shellScript = "diff \"${PODS_PODFILE_DIR_PATH}/Podfile.lock\" \"${PODS_ROOT}/Manifest.lock\" > /dev/null\nif [ $? != 0 ] ; then\n    # print error to STDERR\n    echo \"error: The sandbox is not in sync with the Podfile.lock. Run 'pod install' or update your CocoaPods installation.\" >&2\n    exit 1\nfi\n# This output is used by Xcode 'outputs' to avoid re-running this script phase.\necho \"SUCCESS\" > \"${SCRIPT_OUTPUT_FILE_0}\"\n";
			showEnvVarsInLog = 0;
		};
/* End PBXShellScriptBuildPhase section */

/* Begin PBXSourcesBuildPhase section */
		04904DE6209790C70043C97A /* Sources */ = {
			isa = PBXSourcesBuildPhase;
			buildActionMask = 2147483647;
			files = (
				045D5ADA21AFF5C5001BA669 /* MVC.swift in Sources */,
				04C4507C2181CDCD009ECD30 /* QRDetailsViewController.swift in Sources */,
				04C450802181D545009ECD30 /* PKUser.swift in Sources */,
				04819CEF21B55EBB001E6471 /* TheatreMapViewController.swift in Sources */,
				04F7126D21AC81DF00E958D6 /* Transaction.swift in Sources */,
				375B6A6321935CEC0005E4B7 /* Seat.swift in Sources */,
				04FB57FC215C208500673B7D /* SignUpViewController.swift in Sources */,
				04C450882181F33A009ECD30 /* PKBarcode.swift in Sources */,
				37F0E7C0214FD21B00D9E335 /* ShowDetailViewController.swift in Sources */,
				BD4C2C1B218B57740059BBB4 /* AdminShowListTableViewController.swift in Sources */,
				04F7126B21AC818C00E958D6 /* TicketConfirmationViewController.swift in Sources */,
				BD90ACCD21652154003C831A /* Alerts.swift in Sources */,
				BD4C2C1D218C635A0059BBB4 /* AddShowViewController.swift in Sources */,
				37F0E7BC214FD1E400D9E335 /* LoginViewController.swift in Sources */,
				BDB0EEC321AF00DD00D2A744 /* testTableTableViewController.swift in Sources */,
				046F38BE2180C83E0026EA16 /* InitialAdminViewController.swift in Sources */,
				04F5848C218112D1007E0AAD /* QRScannerViewController.swift in Sources */,
				049CD70421754C5700DD5429 /* TicketPortalViewController.swift in Sources */,
				04904DEE209790C70043C97A /* AppDelegate.swift in Sources */,
				3772778F21590566007532A0 /* ShowListTableViewCell.swift in Sources */,
				04360C2D2177DA5100AE8C5C /* Ticket.swift in Sources */,
				BD90ACCF21676737003C831A /* Show.swift in Sources */,
				04480B64217E391600975ED6 /* TicketSummaryViewController.swift in Sources */,
				37FFAFAC21944337003F6DD3 /* SecondarySeatSelectionViewController.swift in Sources */,
				37F0E7BE214FD20000D9E335 /* ShowListTableViewController.swift in Sources */,
				BD89FD7E2163ECF10050D379 /* Validation.swift in Sources */,
				049CD706217624C500DD5429 /* User.swift in Sources */,
			);
			runOnlyForDeploymentPostprocessing = 0;
		};
		04904DFA209790C80043C97A /* Sources */ = {
			isa = PBXSourcesBuildPhase;
			buildActionMask = 2147483647;
			files = (
				04904E03209790C80043C97A /* A_Level_Computer_Science_ProjectTests.swift in Sources */,
			);
			runOnlyForDeploymentPostprocessing = 0;
		};
		04904E05209790C80043C97A /* Sources */ = {
			isa = PBXSourcesBuildPhase;
			buildActionMask = 2147483647;
			files = (
				04904E0E209790C80043C97A /* A_Level_Computer_Science_ProjectUITests.swift in Sources */,
			);
			runOnlyForDeploymentPostprocessing = 0;
		};
/* End PBXSourcesBuildPhase section */

/* Begin PBXTargetDependency section */
		04904E00209790C80043C97A /* PBXTargetDependency */ = {
			isa = PBXTargetDependency;
			target = 04904DE9209790C70043C97A /* A Level Computer Science Project */;
			targetProxy = 04904DFF209790C80043C97A /* PBXContainerItemProxy */;
		};
		04904E0B209790C80043C97A /* PBXTargetDependency */ = {
			isa = PBXTargetDependency;
			target = 04904DE9209790C70043C97A /* A Level Computer Science Project */;
			targetProxy = 04904E0A209790C80043C97A /* PBXContainerItemProxy */;
		};
/* End PBXTargetDependency section */

/* Begin PBXVariantGroup section */
		04904DF1209790C70043C97A /* Main.storyboard */ = {
			isa = PBXVariantGroup;
			children = (
				04904DF2209790C70043C97A /* Base */,
			);
			name = Main.storyboard;
			sourceTree = "<group>";
		};
		04904DF6209790C80043C97A /* LaunchScreen.storyboard */ = {
			isa = PBXVariantGroup;
			children = (
				04904DF7209790C80043C97A /* Base */,
			);
			name = LaunchScreen.storyboard;
			sourceTree = "<group>";
		};
/* End PBXVariantGroup section */

/* Begin XCBuildConfiguration section */
		04904E10209790C80043C97A /* Debug */ = {
			isa = XCBuildConfiguration;
			buildSettings = {
				ALWAYS_SEARCH_USER_PATHS = NO;
				CLANG_ANALYZER_NONNULL = YES;
				CLANG_ANALYZER_NUMBER_OBJECT_CONVERSION = YES_AGGRESSIVE;
				CLANG_CXX_LANGUAGE_STANDARD = "gnu++14";
				CLANG_CXX_LIBRARY = "libc++";
				CLANG_ENABLE_MODULES = YES;
				CLANG_ENABLE_OBJC_ARC = YES;
				CLANG_ENABLE_OBJC_WEAK = YES;
				CLANG_WARN_BLOCK_CAPTURE_AUTORELEASING = YES;
				CLANG_WARN_BOOL_CONVERSION = YES;
				CLANG_WARN_COMMA = YES;
				CLANG_WARN_CONSTANT_CONVERSION = YES;
				CLANG_WARN_DEPRECATED_OBJC_IMPLEMENTATIONS = YES;
				CLANG_WARN_DIRECT_OBJC_ISA_USAGE = YES_ERROR;
				CLANG_WARN_DOCUMENTATION_COMMENTS = YES;
				CLANG_WARN_EMPTY_BODY = YES;
				CLANG_WARN_ENUM_CONVERSION = YES;
				CLANG_WARN_INFINITE_RECURSION = YES;
				CLANG_WARN_INT_CONVERSION = YES;
				CLANG_WARN_NON_LITERAL_NULL_CONVERSION = YES;
				CLANG_WARN_OBJC_IMPLICIT_RETAIN_SELF = YES;
				CLANG_WARN_OBJC_LITERAL_CONVERSION = YES;
				CLANG_WARN_OBJC_ROOT_CLASS = YES_ERROR;
				CLANG_WARN_RANGE_LOOP_ANALYSIS = YES;
				CLANG_WARN_STRICT_PROTOTYPES = YES;
				CLANG_WARN_SUSPICIOUS_MOVE = YES;
				CLANG_WARN_UNGUARDED_AVAILABILITY = YES_AGGRESSIVE;
				CLANG_WARN_UNREACHABLE_CODE = YES;
				CLANG_WARN__DUPLICATE_METHOD_MATCH = YES;
				CODE_SIGN_IDENTITY = "iPhone Developer";
				COPY_PHASE_STRIP = NO;
				DEBUG_INFORMATION_FORMAT = dwarf;
				ENABLE_STRICT_OBJC_MSGSEND = YES;
				ENABLE_TESTABILITY = YES;
				GCC_C_LANGUAGE_STANDARD = gnu11;
				GCC_DYNAMIC_NO_PIC = NO;
				GCC_NO_COMMON_BLOCKS = YES;
				GCC_OPTIMIZATION_LEVEL = 0;
				GCC_PREPROCESSOR_DEFINITIONS = (
					"DEBUG=1",
					"$(inherited)",
				);
				GCC_WARN_64_TO_32_BIT_CONVERSION = YES;
				GCC_WARN_ABOUT_RETURN_TYPE = YES_ERROR;
				GCC_WARN_UNDECLARED_SELECTOR = YES;
				GCC_WARN_UNINITIALIZED_AUTOS = YES_AGGRESSIVE;
				GCC_WARN_UNUSED_FUNCTION = YES;
				GCC_WARN_UNUSED_VARIABLE = YES;
				IPHONEOS_DEPLOYMENT_TARGET = 11.3;
				MTL_ENABLE_DEBUG_INFO = YES;
				ONLY_ACTIVE_ARCH = YES;
				SDKROOT = iphoneos;
				SWIFT_ACTIVE_COMPILATION_CONDITIONS = DEBUG;
				SWIFT_OPTIMIZATION_LEVEL = "-Onone";
			};
			name = Debug;
		};
		04904E11209790C80043C97A /* Release */ = {
			isa = XCBuildConfiguration;
			buildSettings = {
				ALWAYS_SEARCH_USER_PATHS = NO;
				CLANG_ANALYZER_NONNULL = YES;
				CLANG_ANALYZER_NUMBER_OBJECT_CONVERSION = YES_AGGRESSIVE;
				CLANG_CXX_LANGUAGE_STANDARD = "gnu++14";
				CLANG_CXX_LIBRARY = "libc++";
				CLANG_ENABLE_MODULES = YES;
				CLANG_ENABLE_OBJC_ARC = YES;
				CLANG_ENABLE_OBJC_WEAK = YES;
				CLANG_WARN_BLOCK_CAPTURE_AUTORELEASING = YES;
				CLANG_WARN_BOOL_CONVERSION = YES;
				CLANG_WARN_COMMA = YES;
				CLANG_WARN_CONSTANT_CONVERSION = YES;
				CLANG_WARN_DEPRECATED_OBJC_IMPLEMENTATIONS = YES;
				CLANG_WARN_DIRECT_OBJC_ISA_USAGE = YES_ERROR;
				CLANG_WARN_DOCUMENTATION_COMMENTS = YES;
				CLANG_WARN_EMPTY_BODY = YES;
				CLANG_WARN_ENUM_CONVERSION = YES;
				CLANG_WARN_INFINITE_RECURSION = YES;
				CLANG_WARN_INT_CONVERSION = YES;
				CLANG_WARN_NON_LITERAL_NULL_CONVERSION = YES;
				CLANG_WARN_OBJC_IMPLICIT_RETAIN_SELF = YES;
				CLANG_WARN_OBJC_LITERAL_CONVERSION = YES;
				CLANG_WARN_OBJC_ROOT_CLASS = YES_ERROR;
				CLANG_WARN_RANGE_LOOP_ANALYSIS = YES;
				CLANG_WARN_STRICT_PROTOTYPES = YES;
				CLANG_WARN_SUSPICIOUS_MOVE = YES;
				CLANG_WARN_UNGUARDED_AVAILABILITY = YES_AGGRESSIVE;
				CLANG_WARN_UNREACHABLE_CODE = YES;
				CLANG_WARN__DUPLICATE_METHOD_MATCH = YES;
				CODE_SIGN_IDENTITY = "iPhone Developer";
				COPY_PHASE_STRIP = NO;
				DEBUG_INFORMATION_FORMAT = "dwarf-with-dsym";
				ENABLE_NS_ASSERTIONS = NO;
				ENABLE_STRICT_OBJC_MSGSEND = YES;
				GCC_C_LANGUAGE_STANDARD = gnu11;
				GCC_NO_COMMON_BLOCKS = YES;
				GCC_WARN_64_TO_32_BIT_CONVERSION = YES;
				GCC_WARN_ABOUT_RETURN_TYPE = YES_ERROR;
				GCC_WARN_UNDECLARED_SELECTOR = YES;
				GCC_WARN_UNINITIALIZED_AUTOS = YES_AGGRESSIVE;
				GCC_WARN_UNUSED_FUNCTION = YES;
				GCC_WARN_UNUSED_VARIABLE = YES;
				IPHONEOS_DEPLOYMENT_TARGET = 11.3;
				MTL_ENABLE_DEBUG_INFO = NO;
				SDKROOT = iphoneos;
				SWIFT_COMPILATION_MODE = wholemodule;
				SWIFT_OPTIMIZATION_LEVEL = "-O";
				VALIDATE_PRODUCT = YES;
			};
			name = Release;
		};
		04904E13209790C80043C97A /* Debug */ = {
			isa = XCBuildConfiguration;
			baseConfigurationReference = 46BE936E5560545E57BC3C85 /* Pods-A Level Computer Science Project.debug.xcconfig */;
			buildSettings = {
				ASSETCATALOG_COMPILER_APPICON_NAME = AppIcon;
				CODE_SIGN_ENTITLEMENTS = "A Level Computer Science Project/A Level Computer Science Project.entitlements";
				CODE_SIGN_STYLE = Automatic;
				DEVELOPMENT_TEAM = AZQME83VC4;
				INFOPLIST_FILE = "A Level Computer Science Project/Info.plist";
				LD_RUNPATH_SEARCH_PATHS = (
					"$(inherited)",
					"@executable_path/Frameworks",
				);
				PRODUCT_BUNDLE_IDENTIFIER = "seenashafai.A-Level-Computer-Science-Project";
				PRODUCT_NAME = "$(TARGET_NAME)";
				SWIFT_VERSION = 4.2;
				TARGETED_DEVICE_FAMILY = "1,2";
			};
			name = Debug;
		};
		04904E14209790C80043C97A /* Release */ = {
			isa = XCBuildConfiguration;
			baseConfigurationReference = B298EA4BC17B556A2C4D6809 /* Pods-A Level Computer Science Project.release.xcconfig */;
			buildSettings = {
				ASSETCATALOG_COMPILER_APPICON_NAME = AppIcon;
				CODE_SIGN_ENTITLEMENTS = "A Level Computer Science Project/A Level Computer Science Project.entitlements";
				CODE_SIGN_STYLE = Automatic;
				DEVELOPMENT_TEAM = AZQME83VC4;
				INFOPLIST_FILE = "A Level Computer Science Project/Info.plist";
				LD_RUNPATH_SEARCH_PATHS = (
					"$(inherited)",
					"@executable_path/Frameworks",
				);
				PRODUCT_BUNDLE_IDENTIFIER = "seenashafai.A-Level-Computer-Science-Project";
				PRODUCT_NAME = "$(TARGET_NAME)";
				SWIFT_VERSION = 4.2;
				TARGETED_DEVICE_FAMILY = "1,2";
			};
			name = Release;
		};
		04904E16209790C80043C97A /* Debug */ = {
			isa = XCBuildConfiguration;
			baseConfigurationReference = 93BFCEED6F8AC535E975C668 /* Pods-A Level Computer Science ProjectTests.debug.xcconfig */;
			buildSettings = {
				ALWAYS_EMBED_SWIFT_STANDARD_LIBRARIES = YES;
				BUNDLE_LOADER = "$(TEST_HOST)";
				CODE_SIGN_STYLE = Automatic;
				DEVELOPMENT_TEAM = AZQME83VC4;
				INFOPLIST_FILE = "A Level Computer Science ProjectTests/Info.plist";
				LD_RUNPATH_SEARCH_PATHS = (
					"$(inherited)",
					"@executable_path/Frameworks",
					"@loader_path/Frameworks",
				);
				PRODUCT_BUNDLE_IDENTIFIER = "seenashafai.A-Level-Computer-Science-ProjectTests";
				PRODUCT_NAME = "$(TARGET_NAME)";
				SWIFT_VERSION = 4.2;
				TARGETED_DEVICE_FAMILY = "1,2";
				TEST_HOST = "$(BUILT_PRODUCTS_DIR)/A Level Computer Science Project.app/A Level Computer Science Project";
			};
			name = Debug;
		};
		04904E17209790C80043C97A /* Release */ = {
			isa = XCBuildConfiguration;
			baseConfigurationReference = DC0ED3BCA26088325A26542B /* Pods-A Level Computer Science ProjectTests.release.xcconfig */;
			buildSettings = {
				ALWAYS_EMBED_SWIFT_STANDARD_LIBRARIES = YES;
				BUNDLE_LOADER = "$(TEST_HOST)";
				CODE_SIGN_STYLE = Automatic;
				DEVELOPMENT_TEAM = AZQME83VC4;
				INFOPLIST_FILE = "A Level Computer Science ProjectTests/Info.plist";
				LD_RUNPATH_SEARCH_PATHS = (
					"$(inherited)",
					"@executable_path/Frameworks",
					"@loader_path/Frameworks",
				);
				PRODUCT_BUNDLE_IDENTIFIER = "seenashafai.A-Level-Computer-Science-ProjectTests";
				PRODUCT_NAME = "$(TARGET_NAME)";
				SWIFT_VERSION = 4.2;
				TARGETED_DEVICE_FAMILY = "1,2";
				TEST_HOST = "$(BUILT_PRODUCTS_DIR)/A Level Computer Science Project.app/A Level Computer Science Project";
			};
			name = Release;
		};
		04904E19209790C80043C97A /* Debug */ = {
			isa = XCBuildConfiguration;
			baseConfigurationReference = A9DC9798A5403709D709E26B /* Pods-A Level Computer Science ProjectUITests.debug.xcconfig */;
			buildSettings = {
				ALWAYS_EMBED_SWIFT_STANDARD_LIBRARIES = YES;
				CODE_SIGN_STYLE = Automatic;
				DEVELOPMENT_TEAM = AZQME83VC4;
				INFOPLIST_FILE = "A Level Computer Science ProjectUITests/Info.plist";
				LD_RUNPATH_SEARCH_PATHS = (
					"$(inherited)",
					"@executable_path/Frameworks",
					"@loader_path/Frameworks",
				);
				PRODUCT_BUNDLE_IDENTIFIER = "seenashafai.A-Level-Computer-Science-ProjectUITests";
				PRODUCT_NAME = "$(TARGET_NAME)";
				SWIFT_VERSION = 4.2;
				TARGETED_DEVICE_FAMILY = "1,2";
				TEST_TARGET_NAME = "A Level Computer Science Project";
			};
			name = Debug;
		};
		04904E1A209790C80043C97A /* Release */ = {
			isa = XCBuildConfiguration;
			baseConfigurationReference = EF06BFAFEC0BBCD2588C032D /* Pods-A Level Computer Science ProjectUITests.release.xcconfig */;
			buildSettings = {
				ALWAYS_EMBED_SWIFT_STANDARD_LIBRARIES = YES;
				CODE_SIGN_STYLE = Automatic;
				DEVELOPMENT_TEAM = AZQME83VC4;
				INFOPLIST_FILE = "A Level Computer Science ProjectUITests/Info.plist";
				LD_RUNPATH_SEARCH_PATHS = (
					"$(inherited)",
					"@executable_path/Frameworks",
					"@loader_path/Frameworks",
				);
				PRODUCT_BUNDLE_IDENTIFIER = "seenashafai.A-Level-Computer-Science-ProjectUITests";
				PRODUCT_NAME = "$(TARGET_NAME)";
				SWIFT_VERSION = 4.2;
				TARGETED_DEVICE_FAMILY = "1,2";
				TEST_TARGET_NAME = "A Level Computer Science Project";
			};
			name = Release;
		};
/* End XCBuildConfiguration section */

/* Begin XCConfigurationList section */
		04904DE5209790C70043C97A /* Build configuration list for PBXProject "A Level Computer Science Project" */ = {
			isa = XCConfigurationList;
			buildConfigurations = (
				04904E10209790C80043C97A /* Debug */,
				04904E11209790C80043C97A /* Release */,
			);
			defaultConfigurationIsVisible = 0;
			defaultConfigurationName = Release;
		};
		04904E12209790C80043C97A /* Build configuration list for PBXNativeTarget "A Level Computer Science Project" */ = {
			isa = XCConfigurationList;
			buildConfigurations = (
				04904E13209790C80043C97A /* Debug */,
				04904E14209790C80043C97A /* Release */,
			);
			defaultConfigurationIsVisible = 0;
			defaultConfigurationName = Release;
		};
		04904E15209790C80043C97A /* Build configuration list for PBXNativeTarget "A Level Computer Science ProjectTests" */ = {
			isa = XCConfigurationList;
			buildConfigurations = (
				04904E16209790C80043C97A /* Debug */,
				04904E17209790C80043C97A /* Release */,
			);
			defaultConfigurationIsVisible = 0;
			defaultConfigurationName = Release;
		};
		04904E18209790C80043C97A /* Build configuration list for PBXNativeTarget "A Level Computer Science ProjectUITests" */ = {
			isa = XCConfigurationList;
			buildConfigurations = (
				04904E19209790C80043C97A /* Debug */,
				04904E1A209790C80043C97A /* Release */,
			);
			defaultConfigurationIsVisible = 0;
			defaultConfigurationName = Release;
		};
/* End XCConfigurationList section */
	};
	rootObject = 04904DE2209790C70043C97A /* Project object */;
}
